
Microsoft Visual Studio Solution File, Format Version 12.00
# Visual Studio Version 16
VisualStudioVersion = 16.0.31729.503
MinimumVisualStudioVersion = 10.0.40219.1
Project("{FAE04EC0-301F-11D3-BF4B-00C04F79EFBC}") = "GuessTheSeason", "GuessTheSeason\GuessTheSeason.csproj", "{387D3D8B-3840-47C0-88F0-9E8FD4D66A3B}"
EndProject
Global
	GlobalSection(SolutionConfigurationPlatforms) = preSolution
		Debug|Any CPU = Debug|Any CPU
		Release|Any CPU = Release|Any CPU
	EndGlobalSection
	GlobalSection(ProjectConfigurationPlatforms) = postSolution
		{387D3D8B-3840-47C0-88F0-9E8FD4D66A3B}.Debug|Any CPU.ActiveCfg = Debug|Any CPU
		{387D3D8B-3840-47C0-88F0-9E8FD4D66A3B}.Debug|Any CPU.Build.0 = Debug|Any CPU
		{387D3D8B-3840-47C0-88F0-9E8FD4D66A3B}.Release|Any CPU.ActiveCfg = Release|Any CPU
		{387D3D8B-3840-47C0-88F0-9E8FD4D66A3B}.Release|Any CPU.Build.0 = Release|Any CPU
	EndGlobalSection
	GlobalSection(SolutionProperties) = preSolution
		HideSolutionNode = FALSE
	EndGlobalSection
	GlobalSection(ExtensibilityGlobals) = postSolution
		SolutionGuid = {80A8766B-6B77-4262-9EE6-FB4D14AFF631}
	EndGlobalSection
EndGlobal
