
Microsoft Visual Studio Solution File, Format Version 12.00
# Visual Studio Version 16
VisualStudioVersion = 16.0.31729.503
MinimumVisualStudioVersion = 10.0.40219.1
Project("{FAE04EC0-301F-11D3-BF4B-00C04F79EFBC}") = "NotDivisable", "NotDivisable\NotDivisable.csproj", "{12B38353-BC73-4A3E-AD00-339F052E44DD}"
EndProject
Global
	GlobalSection(SolutionConfigurationPlatforms) = preSolution
		Debug|Any CPU = Debug|Any CPU
		Release|Any CPU = Release|Any CPU
	EndGlobalSection
	GlobalSection(ProjectConfigurationPlatforms) = postSolution
		{12B38353-BC73-4A3E-AD00-339F052E44DD}.Debug|Any CPU.ActiveCfg = Debug|Any CPU
		{12B38353-BC73-4A3E-AD00-339F052E44DD}.Debug|Any CPU.Build.0 = Debug|Any CPU
		{12B38353-BC73-4A3E-AD00-339F052E44DD}.Release|Any CPU.ActiveCfg = Release|Any CPU
		{12B38353-BC73-4A3E-AD00-339F052E44DD}.Release|Any CPU.Build.0 = Release|Any CPU
	EndGlobalSection
	GlobalSection(SolutionProperties) = preSolution
		HideSolutionNode = FALSE
	EndGlobalSection
	GlobalSection(ExtensibilityGlobals) = postSolution
		SolutionGuid = {1C79FCF6-5AB8-4996-B0CA-E4B832A2C443}
	EndGlobalSection
EndGlobal
