
Microsoft Visual Studio Solution File, Format Version 12.00
# Visual Studio Version 17
VisualStudioVersion = 17.0.32112.339
MinimumVisualStudioVersion = 10.0.40219.1
Project("{FAE04EC0-301F-11D3-BF4B-00C04F79EFBC}") = "01.DayOfWeek", "01.DayOfWeek\01.DayOfWeek.csproj", "{F77D3E74-7488-47AF-A542-961937927576}"
EndProject
Project("{FAE04EC0-301F-11D3-BF4B-00C04F79EFBC}") = "02.PrintNumbersinReverseOrder", "02.PrintNumbersinReverseOrder\02.PrintNumbersinReverseOrder.csproj", "{B9266285-500D-4ABC-A8EE-CFAB9429AE20}"
EndProject
Project("{FAE04EC0-301F-11D3-BF4B-00C04F79EFBC}") = "03.RoundingNumbers", "03.RoundingNumbers\03.RoundingNumbers.csproj", "{DD79AACE-F248-4130-BB72-232869D4ADD5}"
EndProject
Project("{FAE04EC0-301F-11D3-BF4B-00C04F79EFBC}") = "04.ReverseArrayOfStrings", "04.ReverseArrayOfStrings\04.ReverseArrayOfStrings.csproj", "{951AB973-5ED1-4353-9CE8-FCEAF181F1AB}"
EndProject
Project("{FAE04EC0-301F-11D3-BF4B-00C04F79EFBC}") = "05.SumEvenNumbers", "05.SumEvenNumbers\05.SumEvenNumbers.csproj", "{7251A1F4-0EF4-4212-AC37-A804BDB37F12}"
EndProject
Project("{FAE04EC0-301F-11D3-BF4B-00C04F79EFBC}") = "06.EvenAndOddSubtraction", "06.EvenAndOddSubtraction\06.EvenAndOddSubtraction.csproj", "{56F0C263-F380-4A9D-BFC7-8D4A5DAA67FF}"
EndProject
Project("{FAE04EC0-301F-11D3-BF4B-00C04F79EFBC}") = "07.EqualArrays", "07.EqualArrays\07.EqualArrays.csproj", "{FD7A5478-3DB9-44F5-BD99-127FD031CEBA}"
EndProject
Project("{FAE04EC0-301F-11D3-BF4B-00C04F79EFBC}") = "08.CondenseArraytoNumber", "08.CondenseArraytoNumber\08.CondenseArraytoNumber.csproj", "{02762B08-8CFB-498A-9C99-471A7466452F}"
EndProject
Global
	GlobalSection(SolutionConfigurationPlatforms) = preSolution
		Debug|Any CPU = Debug|Any CPU
		Release|Any CPU = Release|Any CPU
	EndGlobalSection
	GlobalSection(ProjectConfigurationPlatforms) = postSolution
		{F77D3E74-7488-47AF-A542-961937927576}.Debug|Any CPU.ActiveCfg = Debug|Any CPU
		{F77D3E74-7488-47AF-A542-961937927576}.Debug|Any CPU.Build.0 = Debug|Any CPU
		{F77D3E74-7488-47AF-A542-961937927576}.Release|Any CPU.ActiveCfg = Release|Any CPU
		{F77D3E74-7488-47AF-A542-961937927576}.Release|Any CPU.Build.0 = Release|Any CPU
		{B9266285-500D-4ABC-A8EE-CFAB9429AE20}.Debug|Any CPU.ActiveCfg = Debug|Any CPU
		{B9266285-500D-4ABC-A8EE-CFAB9429AE20}.Debug|Any CPU.Build.0 = Debug|Any CPU
		{B9266285-500D-4ABC-A8EE-CFAB9429AE20}.Release|Any CPU.ActiveCfg = Release|Any CPU
		{B9266285-500D-4ABC-A8EE-CFAB9429AE20}.Release|Any CPU.Build.0 = Release|Any CPU
		{DD79AACE-F248-4130-BB72-232869D4ADD5}.Debug|Any CPU.ActiveCfg = Debug|Any CPU
		{DD79AACE-F248-4130-BB72-232869D4ADD5}.Debug|Any CPU.Build.0 = Debug|Any CPU
		{DD79AACE-F248-4130-BB72-232869D4ADD5}.Release|Any CPU.ActiveCfg = Release|Any CPU
		{DD79AACE-F248-4130-BB72-232869D4ADD5}.Release|Any CPU.Build.0 = Release|Any CPU
		{951AB973-5ED1-4353-9CE8-FCEAF181F1AB}.Debug|Any CPU.ActiveCfg = Debug|Any CPU
		{951AB973-5ED1-4353-9CE8-FCEAF181F1AB}.Debug|Any CPU.Build.0 = Debug|Any CPU
		{951AB973-5ED1-4353-9CE8-FCEAF181F1AB}.Release|Any CPU.ActiveCfg = Release|Any CPU
		{951AB973-5ED1-4353-9CE8-FCEAF181F1AB}.Release|Any CPU.Build.0 = Release|Any CPU
		{7251A1F4-0EF4-4212-AC37-A804BDB37F12}.Debug|Any CPU.ActiveCfg = Debug|Any CPU
		{7251A1F4-0EF4-4212-AC37-A804BDB37F12}.Debug|Any CPU.Build.0 = Debug|Any CPU
		{7251A1F4-0EF4-4212-AC37-A804BDB37F12}.Release|Any CPU.ActiveCfg = Release|Any CPU
		{7251A1F4-0EF4-4212-AC37-A804BDB37F12}.Release|Any CPU.Build.0 = Release|Any CPU
		{56F0C263-F380-4A9D-BFC7-8D4A5DAA67FF}.Debug|Any CPU.ActiveCfg = Debug|Any CPU
		{56F0C263-F380-4A9D-BFC7-8D4A5DAA67FF}.Debug|Any CPU.Build.0 = Debug|Any CPU
		{56F0C263-F380-4A9D-BFC7-8D4A5DAA67FF}.Release|Any CPU.ActiveCfg = Release|Any CPU
		{56F0C263-F380-4A9D-BFC7-8D4A5DAA67FF}.Release|Any CPU.Build.0 = Release|Any CPU
		{FD7A5478-3DB9-44F5-BD99-127FD031CEBA}.Debug|Any CPU.ActiveCfg = Debug|Any CPU
		{FD7A5478-3DB9-44F5-BD99-127FD031CEBA}.Debug|Any CPU.Build.0 = Debug|Any CPU
		{FD7A5478-3DB9-44F5-BD99-127FD031CEBA}.Release|Any CPU.ActiveCfg = Release|Any CPU
		{FD7A5478-3DB9-44F5-BD99-127FD031CEBA}.Release|Any CPU.Build.0 = Release|Any CPU
		{02762B08-8CFB-498A-9C99-471A7466452F}.Debug|Any CPU.ActiveCfg = Debug|Any CPU
		{02762B08-8CFB-498A-9C99-471A7466452F}.Debug|Any CPU.Build.0 = Debug|Any CPU
		{02762B08-8CFB-498A-9C99-471A7466452F}.Release|Any CPU.ActiveCfg = Release|Any CPU
		{02762B08-8CFB-498A-9C99-471A7466452F}.Release|Any CPU.Build.0 = Release|Any CPU
	EndGlobalSection
	GlobalSection(SolutionProperties) = preSolution
		HideSolutionNode = FALSE
	EndGlobalSection
	GlobalSection(ExtensibilityGlobals) = postSolution
		SolutionGuid = {7AEFE297-7C28-4DD2-9A26-DE1517BB8848}
	EndGlobalSection
EndGlobal
