
Microsoft Visual Studio Solution File, Format Version 12.00
# Visual Studio Version 16
VisualStudioVersion = 16.0.31729.503
MinimumVisualStudioVersion = 10.0.40219.1
Project("{FAE04EC0-301F-11D3-BF4B-00C04F79EFBC}") = "MonthPrinter", "MonthPrinter\MonthPrinter.csproj", "{C141420C-CC6F-48DC-A324-9248B46D6D08}"
EndProject
Global
	GlobalSection(SolutionConfigurationPlatforms) = preSolution
		Debug|Any CPU = Debug|Any CPU
		Release|Any CPU = Release|Any CPU
	EndGlobalSection
	GlobalSection(ProjectConfigurationPlatforms) = postSolution
		{C141420C-CC6F-48DC-A324-9248B46D6D08}.Debug|Any CPU.ActiveCfg = Debug|Any CPU
		{C141420C-CC6F-48DC-A324-9248B46D6D08}.Debug|Any CPU.Build.0 = Debug|Any CPU
		{C141420C-CC6F-48DC-A324-9248B46D6D08}.Release|Any CPU.ActiveCfg = Release|Any CPU
		{C141420C-CC6F-48DC-A324-9248B46D6D08}.Release|Any CPU.Build.0 = Release|Any CPU
	EndGlobalSection
	GlobalSection(SolutionProperties) = preSolution
		HideSolutionNode = FALSE
	EndGlobalSection
	GlobalSection(ExtensibilityGlobals) = postSolution
		SolutionGuid = {0202ECF0-6D0E-49E7-BCD6-70B1F333D3C9}
	EndGlobalSection
EndGlobal
