
Microsoft Visual Studio Solution File, Format Version 12.00
# Visual Studio Version 16
VisualStudioVersion = 16.0.31729.503
MinimumVisualStudioVersion = 10.0.40219.1
Project("{FAE04EC0-301F-11D3-BF4B-00C04F79EFBC}") = "Zadacha1", "Zadacha1\Zadacha1.csproj", "{2626D09C-23FB-4F11-87BF-E028BD7EAB1C}"
EndProject
Global
	GlobalSection(SolutionConfigurationPlatforms) = preSolution
		Debug|Any CPU = Debug|Any CPU
		Release|Any CPU = Release|Any CPU
	EndGlobalSection
	GlobalSection(ProjectConfigurationPlatforms) = postSolution
		{2626D09C-23FB-4F11-87BF-E028BD7EAB1C}.Debug|Any CPU.ActiveCfg = Debug|Any CPU
		{2626D09C-23FB-4F11-87BF-E028BD7EAB1C}.Debug|Any CPU.Build.0 = Debug|Any CPU
		{2626D09C-23FB-4F11-87BF-E028BD7EAB1C}.Release|Any CPU.ActiveCfg = Release|Any CPU
		{2626D09C-23FB-4F11-87BF-E028BD7EAB1C}.Release|Any CPU.Build.0 = Release|Any CPU
	EndGlobalSection
	GlobalSection(SolutionProperties) = preSolution
		HideSolutionNode = FALSE
	EndGlobalSection
	GlobalSection(ExtensibilityGlobals) = postSolution
		SolutionGuid = {DA02028F-F5DE-417C-8CB5-799BAEAF735E}
	EndGlobalSection
EndGlobal
