
Microsoft Visual Studio Solution File, Format Version 12.00
# Visual Studio Version 16
VisualStudioVersion = 16.0.31729.503
MinimumVisualStudioVersion = 10.0.40219.1
Project("{FAE04EC0-301F-11D3-BF4B-00C04F79EFBC}") = "02.MoreExercises", "02.MoreExercises\02.MoreExercises.csproj", "{BB007C93-666A-423C-A261-F6BF9B392F25}"
EndProject
Project("{FAE04EC0-301F-11D3-BF4B-00C04F79EFBC}") = "EnglishNameoftheLastDigit", "EnglishNameoftheLastDigit\EnglishNameoftheLastDigit.csproj", "{84032FAC-E66C-4505-A694-58F2777B4CE4}"
EndProject
Project("{FAE04EC0-301F-11D3-BF4B-00C04F79EFBC}") = "GamingStore", "GamingStore\GamingStore.csproj", "{8B46C85A-DB41-49A6-A106-AF19DCDA53A0}"
EndProject
Project("{FAE04EC0-301F-11D3-BF4B-00C04F79EFBC}") = "Prime", "Prime\Prime.csproj", "{EF15E7BD-E55D-4478-9FFC-65D107946778}"
EndProject
Project("{FAE04EC0-301F-11D3-BF4B-00C04F79EFBC}") = "REversedString", "REversedString\REversedString.csproj", "{DD83B0E1-ED55-4ED2-8F00-994906E0E8D2}"
EndProject
Global
	GlobalSection(SolutionConfigurationPlatforms) = preSolution
		Debug|Any CPU = Debug|Any CPU
		Release|Any CPU = Release|Any CPU
	EndGlobalSection
	GlobalSection(ProjectConfigurationPlatforms) = postSolution
		{BB007C93-666A-423C-A261-F6BF9B392F25}.Debug|Any CPU.ActiveCfg = Debug|Any CPU
		{BB007C93-666A-423C-A261-F6BF9B392F25}.Debug|Any CPU.Build.0 = Debug|Any CPU
		{BB007C93-666A-423C-A261-F6BF9B392F25}.Release|Any CPU.ActiveCfg = Release|Any CPU
		{BB007C93-666A-423C-A261-F6BF9B392F25}.Release|Any CPU.Build.0 = Release|Any CPU
		{84032FAC-E66C-4505-A694-58F2777B4CE4}.Debug|Any CPU.ActiveCfg = Debug|Any CPU
		{84032FAC-E66C-4505-A694-58F2777B4CE4}.Debug|Any CPU.Build.0 = Debug|Any CPU
		{84032FAC-E66C-4505-A694-58F2777B4CE4}.Release|Any CPU.ActiveCfg = Release|Any CPU
		{84032FAC-E66C-4505-A694-58F2777B4CE4}.Release|Any CPU.Build.0 = Release|Any CPU
		{8B46C85A-DB41-49A6-A106-AF19DCDA53A0}.Debug|Any CPU.ActiveCfg = Debug|Any CPU
		{8B46C85A-DB41-49A6-A106-AF19DCDA53A0}.Debug|Any CPU.Build.0 = Debug|Any CPU
		{8B46C85A-DB41-49A6-A106-AF19DCDA53A0}.Release|Any CPU.ActiveCfg = Release|Any CPU
		{8B46C85A-DB41-49A6-A106-AF19DCDA53A0}.Release|Any CPU.Build.0 = Release|Any CPU
		{EF15E7BD-E55D-4478-9FFC-65D107946778}.Debug|Any CPU.ActiveCfg = Debug|Any CPU
		{EF15E7BD-E55D-4478-9FFC-65D107946778}.Debug|Any CPU.Build.0 = Debug|Any CPU
		{EF15E7BD-E55D-4478-9FFC-65D107946778}.Release|Any CPU.ActiveCfg = Release|Any CPU
		{EF15E7BD-E55D-4478-9FFC-65D107946778}.Release|Any CPU.Build.0 = Release|Any CPU
		{DD83B0E1-ED55-4ED2-8F00-994906E0E8D2}.Debug|Any CPU.ActiveCfg = Debug|Any CPU
		{DD83B0E1-ED55-4ED2-8F00-994906E0E8D2}.Debug|Any CPU.Build.0 = Debug|Any CPU
		{DD83B0E1-ED55-4ED2-8F00-994906E0E8D2}.Release|Any CPU.ActiveCfg = Release|Any CPU
		{DD83B0E1-ED55-4ED2-8F00-994906E0E8D2}.Release|Any CPU.Build.0 = Release|Any CPU
	EndGlobalSection
	GlobalSection(SolutionProperties) = preSolution
		HideSolutionNode = FALSE
	EndGlobalSection
	GlobalSection(ExtensibilityGlobals) = postSolution
		SolutionGuid = {F16448DA-69F6-496C-B4D4-66960C8EABB0}
	EndGlobalSection
EndGlobal
