
Microsoft Visual Studio Solution File, Format Version 12.00
# Visual Studio Version 16
VisualStudioVersion = 16.0.31729.503
MinimumVisualStudioVersion = 10.0.40219.1
Project("{FAE04EC0-301F-11D3-BF4B-00C04F79EFBC}") = "DeckofCards", "DeckofCards\DeckofCards.csproj", "{2400DACE-83A1-4AA4-ACEF-8BF879204960}"
EndProject
Global
	GlobalSection(SolutionConfigurationPlatforms) = preSolution
		Debug|Any CPU = Debug|Any CPU
		Release|Any CPU = Release|Any CPU
	EndGlobalSection
	GlobalSection(ProjectConfigurationPlatforms) = postSolution
		{2400DACE-83A1-4AA4-ACEF-8BF879204960}.Debug|Any CPU.ActiveCfg = Debug|Any CPU
		{2400DACE-83A1-4AA4-ACEF-8BF879204960}.Debug|Any CPU.Build.0 = Debug|Any CPU
		{2400DACE-83A1-4AA4-ACEF-8BF879204960}.Release|Any CPU.ActiveCfg = Release|Any CPU
		{2400DACE-83A1-4AA4-ACEF-8BF879204960}.Release|Any CPU.Build.0 = Release|Any CPU
	EndGlobalSection
	GlobalSection(SolutionProperties) = preSolution
		HideSolutionNode = FALSE
	EndGlobalSection
	GlobalSection(ExtensibilityGlobals) = postSolution
		SolutionGuid = {EDE4EC9B-9F92-4110-A1A8-A889ACE2C082}
	EndGlobalSection
EndGlobal
