
Microsoft Visual Studio Solution File, Format Version 12.00
# Visual Studio Version 16
VisualStudioVersion = 16.0.31729.503
MinimumVisualStudioVersion = 10.0.40219.1
Project("{FAE04EC0-301F-11D3-BF4B-00C04F79EFBC}") = "Even", "Even\Even.csproj", "{AE76EB12-C525-4204-A689-3962B17A4CF9}"
EndProject
Global
	GlobalSection(SolutionConfigurationPlatforms) = preSolution
		Debug|Any CPU = Debug|Any CPU
		Release|Any CPU = Release|Any CPU
	EndGlobalSection
	GlobalSection(ProjectConfigurationPlatforms) = postSolution
		{AE76EB12-C525-4204-A689-3962B17A4CF9}.Debug|Any CPU.ActiveCfg = Debug|Any CPU
		{AE76EB12-C525-4204-A689-3962B17A4CF9}.Debug|Any CPU.Build.0 = Debug|Any CPU
		{AE76EB12-C525-4204-A689-3962B17A4CF9}.Release|Any CPU.ActiveCfg = Release|Any CPU
		{AE76EB12-C525-4204-A689-3962B17A4CF9}.Release|Any CPU.Build.0 = Release|Any CPU
	EndGlobalSection
	GlobalSection(SolutionProperties) = preSolution
		HideSolutionNode = FALSE
	EndGlobalSection
	GlobalSection(ExtensibilityGlobals) = postSolution
		SolutionGuid = {CB2CF973-679C-499A-8DE6-4511FB51602F}
	EndGlobalSection
EndGlobal
