
Microsoft Visual Studio Solution File, Format Version 12.00
# Visual Studio Version 16
VisualStudioVersion = 16.0.31729.503
MinimumVisualStudioVersion = 10.0.40219.1
Project("{FAE04EC0-301F-11D3-BF4B-00C04F79EFBC}") = "DivideBy3", "DivideBy3\DivideBy3.csproj", "{42999914-FCEE-4DB8-91BC-CA738726FB80}"
EndProject
Global
	GlobalSection(SolutionConfigurationPlatforms) = preSolution
		Debug|Any CPU = Debug|Any CPU
		Release|Any CPU = Release|Any CPU
	EndGlobalSection
	GlobalSection(ProjectConfigurationPlatforms) = postSolution
		{42999914-FCEE-4DB8-91BC-CA738726FB80}.Debug|Any CPU.ActiveCfg = Debug|Any CPU
		{42999914-FCEE-4DB8-91BC-CA738726FB80}.Debug|Any CPU.Build.0 = Debug|Any CPU
		{42999914-FCEE-4DB8-91BC-CA738726FB80}.Release|Any CPU.ActiveCfg = Release|Any CPU
		{42999914-FCEE-4DB8-91BC-CA738726FB80}.Release|Any CPU.Build.0 = Release|Any CPU
	EndGlobalSection
	GlobalSection(SolutionProperties) = preSolution
		HideSolutionNode = FALSE
	EndGlobalSection
	GlobalSection(ExtensibilityGlobals) = postSolution
		SolutionGuid = {183F45F6-6A3E-4BF9-9D89-C76FD0253A04}
	EndGlobalSection
EndGlobal
