
Microsoft Visual Studio Solution File, Format Version 12.00
# Visual Studio Version 16
VisualStudioVersion = 16.0.31729.503
MinimumVisualStudioVersion = 10.0.40219.1
Project("{FAE04EC0-301F-11D3-BF4B-00C04F79EFBC}") = "Discount", "Discount\Discount.csproj", "{0DE4D7AA-F854-4B55-8E20-D2CC76F8E8CA}"
EndProject
Global
	GlobalSection(SolutionConfigurationPlatforms) = preSolution
		Debug|Any CPU = Debug|Any CPU
		Release|Any CPU = Release|Any CPU
	EndGlobalSection
	GlobalSection(ProjectConfigurationPlatforms) = postSolution
		{0DE4D7AA-F854-4B55-8E20-D2CC76F8E8CA}.Debug|Any CPU.ActiveCfg = Debug|Any CPU
		{0DE4D7AA-F854-4B55-8E20-D2CC76F8E8CA}.Debug|Any CPU.Build.0 = Debug|Any CPU
		{0DE4D7AA-F854-4B55-8E20-D2CC76F8E8CA}.Release|Any CPU.ActiveCfg = Release|Any CPU
		{0DE4D7AA-F854-4B55-8E20-D2CC76F8E8CA}.Release|Any CPU.Build.0 = Release|Any CPU
	EndGlobalSection
	GlobalSection(SolutionProperties) = preSolution
		HideSolutionNode = FALSE
	EndGlobalSection
	GlobalSection(ExtensibilityGlobals) = postSolution
		SolutionGuid = {EF9D796A-9CC4-4D25-A473-13111EBEEF81}
	EndGlobalSection
EndGlobal
