
Microsoft Visual Studio Solution File, Format Version 12.00
# Visual Studio Version 16
VisualStudioVersion = 16.0.30711.63
MinimumVisualStudioVersion = 10.0.40219.1
Project("{FAE04EC0-301F-11D3-BF4B-00C04F79EFBC}") = "Expression", "Expression\Expression.csproj", "{C881CCAC-E9AB-4202-AADC-EFFDEFE73E6E}"
EndProject
Global
	GlobalSection(SolutionConfigurationPlatforms) = preSolution
		Debug|Any CPU = Debug|Any CPU
		Release|Any CPU = Release|Any CPU
	EndGlobalSection
	GlobalSection(ProjectConfigurationPlatforms) = postSolution
		{C881CCAC-E9AB-4202-AADC-EFFDEFE73E6E}.Debug|Any CPU.ActiveCfg = Debug|Any CPU
		{C881CCAC-E9AB-4202-AADC-EFFDEFE73E6E}.Debug|Any CPU.Build.0 = Debug|Any CPU
		{C881CCAC-E9AB-4202-AADC-EFFDEFE73E6E}.Release|Any CPU.ActiveCfg = Release|Any CPU
		{C881CCAC-E9AB-4202-AADC-EFFDEFE73E6E}.Release|Any CPU.Build.0 = Release|Any CPU
	EndGlobalSection
	GlobalSection(SolutionProperties) = preSolution
		HideSolutionNode = FALSE
	EndGlobalSection
	GlobalSection(ExtensibilityGlobals) = postSolution
		SolutionGuid = {8F637006-F4A6-4AAD-9021-046E4F91E43B}
	EndGlobalSection
EndGlobal
