
Microsoft Visual Studio Solution File, Format Version 12.00
# Visual Studio Version 17
VisualStudioVersion = 17.0.32112.339
MinimumVisualStudioVersion = 10.0.40219.1
Project("{FAE04EC0-301F-11D3-BF4B-00C04F79EFBC}") = "01.AdvertisementMessage", "01.AdvertisementMessage\01.AdvertisementMessage.csproj", "{29854074-333D-4A30-86A9-1F308051D6A8}"
EndProject
Project("{FAE04EC0-301F-11D3-BF4B-00C04F79EFBC}") = "02.Articles", "02.Articles\02.Articles.csproj", "{A936CD4D-E828-4830-9E73-4ACFDFD5A56C}"
EndProject
Global
	GlobalSection(SolutionConfigurationPlatforms) = preSolution
		Debug|Any CPU = Debug|Any CPU
		Release|Any CPU = Release|Any CPU
	EndGlobalSection
	GlobalSection(ProjectConfigurationPlatforms) = postSolution
		{29854074-333D-4A30-86A9-1F308051D6A8}.Debug|Any CPU.ActiveCfg = Debug|Any CPU
		{29854074-333D-4A30-86A9-1F308051D6A8}.Debug|Any CPU.Build.0 = Debug|Any CPU
		{29854074-333D-4A30-86A9-1F308051D6A8}.Release|Any CPU.ActiveCfg = Release|Any CPU
		{29854074-333D-4A30-86A9-1F308051D6A8}.Release|Any CPU.Build.0 = Release|Any CPU
		{A936CD4D-E828-4830-9E73-4ACFDFD5A56C}.Debug|Any CPU.ActiveCfg = Debug|Any CPU
		{A936CD4D-E828-4830-9E73-4ACFDFD5A56C}.Debug|Any CPU.Build.0 = Debug|Any CPU
		{A936CD4D-E828-4830-9E73-4ACFDFD5A56C}.Release|Any CPU.ActiveCfg = Release|Any CPU
		{A936CD4D-E828-4830-9E73-4ACFDFD5A56C}.Release|Any CPU.Build.0 = Release|Any CPU
	EndGlobalSection
	GlobalSection(SolutionProperties) = preSolution
		HideSolutionNode = FALSE
	EndGlobalSection
	GlobalSection(ExtensibilityGlobals) = postSolution
		SolutionGuid = {77A0F747-E871-47B1-A097-7CC980A86B2E}
	EndGlobalSection
EndGlobal
