
Microsoft Visual Studio Solution File, Format Version 12.00
# Visual Studio Version 16
VisualStudioVersion = 16.0.31729.503
MinimumVisualStudioVersion = 10.0.40219.1
Project("{FAE04EC0-301F-11D3-BF4B-00C04F79EFBC}") = "ComplexSum", "ComplexSum\ComplexSum.csproj", "{16BBDDA9-637C-45AA-AE07-3603DBA435F5}"
EndProject
Global
	GlobalSection(SolutionConfigurationPlatforms) = preSolution
		Debug|Any CPU = Debug|Any CPU
		Release|Any CPU = Release|Any CPU
	EndGlobalSection
	GlobalSection(ProjectConfigurationPlatforms) = postSolution
		{16BBDDA9-637C-45AA-AE07-3603DBA435F5}.Debug|Any CPU.ActiveCfg = Debug|Any CPU
		{16BBDDA9-637C-45AA-AE07-3603DBA435F5}.Debug|Any CPU.Build.0 = Debug|Any CPU
		{16BBDDA9-637C-45AA-AE07-3603DBA435F5}.Release|Any CPU.ActiveCfg = Release|Any CPU
		{16BBDDA9-637C-45AA-AE07-3603DBA435F5}.Release|Any CPU.Build.0 = Release|Any CPU
	EndGlobalSection
	GlobalSection(SolutionProperties) = preSolution
		HideSolutionNode = FALSE
	EndGlobalSection
	GlobalSection(ExtensibilityGlobals) = postSolution
		SolutionGuid = {DBD2C50D-89A7-4D3C-84E3-D0E2FB64FF9B}
	EndGlobalSection
EndGlobal
